// !$*UTF8*$!
{
	archiveVersion = 1;
	classes = {
	};
	objectVersion = 50;
	objects = {

/* Begin PBXBuildFile section */
		E4026DAE20BDF40B0043475F /* Main.storyboard in Resources */ = {isa = PBXBuildFile; fileRef = E4026DAD20BDF40B0043475F /* Main.storyboard */; };
		E4026DB020BDF41E0043475F /* LaunchScreen.storyboard in Resources */ = {isa = PBXBuildFile; fileRef = E4026DAF20BDF41E0043475F /* LaunchScreen.storyboard */; };
		E447A62A20BDD289008D9E33 /* BSTMarsRoverDelegate.m in Sources */ = {isa = PBXBuildFile; fileRef = E447A62920BDD289008D9E33 /* BSTMarsRoverDelegate.m */; };
		E447A63220BDD28A008D9E33 /* Assets.xcassets in Resources */ = {isa = PBXBuildFile; fileRef = E447A63120BDD28A008D9E33 /* Assets.xcassets */; };
		E447A63820BDD28A008D9E33 /* main.m in Sources */ = {isa = PBXBuildFile; fileRef = E447A63720BDD28A008D9E33 /* main.m */; };
		E447A64920BDD5C3008D9E33 /* BSTMarsRover.m in Sources */ = {isa = PBXBuildFile; fileRef = E447A64820BDD5C3008D9E33 /* BSTMarsRover.m */; };
		E447A64C20BDD8E0008D9E33 /* BSTMarsPhoto.m in Sources */ = {isa = PBXBuildFile; fileRef = E447A64B20BDD8E0008D9E33 /* BSTMarsPhoto.m */; };
		E447A64F20BDDDBF008D9E33 /* BSTSolDescription.m in Sources */ = {isa = PBXBuildFile; fileRef = E447A64E20BDDDBF008D9E33 /* BSTSolDescription.m */; };
		E447A65320BDE0EB008D9E33 /* BSTPhotoCache.m in Sources */ = {isa = PBXBuildFile; fileRef = E447A65220BDE0EB008D9E33 /* BSTPhotoCache.m */; };
		E447A65620BDE1C8008D9E33 /* BSTPhotoCollectionViewCell.m in Sources */ = {isa = PBXBuildFile; fileRef = E447A65520BDE1C8008D9E33 /* BSTPhotoCollectionViewCell.m */; };
		E447A65920BDE2F6008D9E33 /* BSTMarsRoverClient.m in Sources */ = {isa = PBXBuildFile; fileRef = E447A65820BDE2F6008D9E33 /* BSTMarsRoverClient.m */; };
/* End PBXBuildFile section */

/* Begin PBXFileReference section */
		E4026DAD20BDF40B0043475F /* Main.storyboard */ = {isa = PBXFileReference; fileEncoding = 4; lastKnownFileType = file.storyboard; path = Main.storyboard; sourceTree = "<group>"; };
		E4026DAF20BDF41E0043475F /* LaunchScreen.storyboard */ = {isa = PBXFileReference; fileEncoding = 4; lastKnownFileType = file.storyboard; path = LaunchScreen.storyboard; sourceTree = "<group>"; };
		E447A62520BDD288008D9E33 /* MarsRover.app */ = {isa = PBXFileReference; explicitFileType = wrapper.application; includeInIndex = 0; path = MarsRover.app; sourceTree = BUILT_PRODUCTS_DIR; };
		E447A62820BDD288008D9E33 /* BSTMarsRoverAppDelegate.h */ = {isa = PBXFileReference; lastKnownFileType = sourcecode.c.h; path = BSTMarsRoverAppDelegate.h; sourceTree = "<group>"; };
		E447A62920BDD289008D9E33 /* BSTMarsRoverDelegate.m */ = {isa = PBXFileReference; lastKnownFileType = sourcecode.c.objc; path = BSTMarsRoverDelegate.m; sourceTree = "<group>"; };
		E447A63120BDD28A008D9E33 /* Assets.xcassets */ = {isa = PBXFileReference; lastKnownFileType = folder.assetcatalog; path = Assets.xcassets; sourceTree = "<group>"; };
		E447A63620BDD28A008D9E33 /* Info.plist */ = {isa = PBXFileReference; lastKnownFileType = text.plist.xml; path = Info.plist; sourceTree = "<group>"; };
		E447A63720BDD28A008D9E33 /* main.m */ = {isa = PBXFileReference; lastKnownFileType = sourcecode.c.objc; path = main.m; sourceTree = "<group>"; };
		E447A64720BDD525008D9E33 /* BSTMarsRover.h */ = {isa = PBXFileReference; lastKnownFileType = sourcecode.c.h; path = BSTMarsRover.h; sourceTree = "<group>"; };
		E447A64820BDD5C3008D9E33 /* BSTMarsRover.m */ = {isa = PBXFileReference; lastKnownFileType = sourcecode.c.objc; path = BSTMarsRover.m; sourceTree = "<group>"; };
		E447A64A20BDD887008D9E33 /* BSTMarsPhoto.h */ = {isa = PBXFileReference; lastKnownFileType = sourcecode.c.h; path = BSTMarsPhoto.h; sourceTree = "<group>"; };
		E447A64B20BDD8E0008D9E33 /* BSTMarsPhoto.m */ = {isa = PBXFileReference; lastKnownFileType = sourcecode.c.objc; path = BSTMarsPhoto.m; sourceTree = "<group>"; };
		E447A64D20BDDD68008D9E33 /* BSTSolDescription.h */ = {isa = PBXFileReference; lastKnownFileType = sourcecode.c.h; path = BSTSolDescription.h; sourceTree = "<group>"; };
		E447A64E20BDDDBF008D9E33 /* BSTSolDescription.m */ = {isa = PBXFileReference; lastKnownFileType = sourcecode.c.objc; path = BSTSolDescription.m; sourceTree = "<group>"; };
		E447A65020BDDE80008D9E33 /* MarsRover-Bridging-Header.h */ = {isa = PBXFileReference; lastKnownFileType = sourcecode.c.h; path = "MarsRover-Bridging-Header.h"; sourceTree = "<group>"; };
		E447A65120BDE0BC008D9E33 /* BSTPhotoCache.h */ = {isa = PBXFileReference; lastKnownFileType = sourcecode.c.h; path = BSTPhotoCache.h; sourceTree = "<group>"; };
		E447A65220BDE0EB008D9E33 /* BSTPhotoCache.m */ = {isa = PBXFileReference; lastKnownFileType = sourcecode.c.objc; path = BSTPhotoCache.m; sourceTree = "<group>"; };
		E447A65420BDE14C008D9E33 /* BSTPhotoCollectionViewCell.h */ = {isa = PBXFileReference; lastKnownFileType = sourcecode.c.h; path = BSTPhotoCollectionViewCell.h; sourceTree = "<group>"; };
		E447A65520BDE1C8008D9E33 /* BSTPhotoCollectionViewCell.m */ = {isa = PBXFileReference; lastKnownFileType = sourcecode.c.objc; path = BSTPhotoCollectionViewCell.m; sourceTree = "<group>"; };
		E447A65720BDE2C8008D9E33 /* BSTMarsRoverClient.h */ = {isa = PBXFileReference; lastKnownFileType = sourcecode.c.h; path = BSTMarsRoverClient.h; sourceTree = "<group>"; };
		E447A65820BDE2F6008D9E33 /* BSTMarsRoverClient.m */ = {isa = PBXFileReference; lastKnownFileType = sourcecode.c.objc; path = BSTMarsRoverClient.m; sourceTree = "<group>"; };
/* End PBXFileReference section */

/* Begin PBXFrameworksBuildPhase section */
		E447A62220BDD288008D9E33 /* Frameworks */ = {
			isa = PBXFrameworksBuildPhase;
			buildActionMask = 2147483647;
			files = (
			);
			runOnlyForDeploymentPostprocessing = 0;
		};
/* End PBXFrameworksBuildPhase section */

/* Begin PBXGroup section */
		E447A61C20BDD288008D9E33 = {
			isa = PBXGroup;
			children = (
				E447A62720BDD288008D9E33 /* MarsRover */,
				E447A62620BDD288008D9E33 /* Products */,
			);
			sourceTree = "<group>";
		};
		E447A62620BDD288008D9E33 /* Products */ = {
			isa = PBXGroup;
			children = (
				E447A62520BDD288008D9E33 /* MarsRover.app */,
			);
			name = Products;
			sourceTree = "<group>";
		};
		E447A62720BDD288008D9E33 /* MarsRover */ = {
			isa = PBXGroup;
			children = (
				E447A62820BDD288008D9E33 /* BSTMarsRoverAppDelegate.h */,
				E447A62920BDD289008D9E33 /* BSTMarsRoverDelegate.m */,
				E447A63E20BDD2E2008D9E33 /* Models */,
				E447A63F20BDD2FA008D9E33 /* Model Controllers */,
				E447A64620BDD38C008D9E33 /* UI */,
				E447A64120BDD310008D9E33 /* Views */,
				E447A64220BDD316008D9E33 /* View Controllers */,
				E447A64320BDD31D008D9E33 /* Networking */,
				E447A64420BDD324008D9E33 /* Support Files */,
				E447A64520BDD353008D9E33 /* Resources */,
			);
			path = MarsRover;
			sourceTree = "<group>";
		};
		E447A63E20BDD2E2008D9E33 /* Models */ = {
			isa = PBXGroup;
			children = (
				E447A64720BDD525008D9E33 /* BSTMarsRover.h */,
				E447A64820BDD5C3008D9E33 /* BSTMarsRover.m */,
				E447A64A20BDD887008D9E33 /* BSTMarsPhoto.h */,
				E447A64B20BDD8E0008D9E33 /* BSTMarsPhoto.m */,
				E447A64D20BDDD68008D9E33 /* BSTSolDescription.h */,
				E447A64E20BDDDBF008D9E33 /* BSTSolDescription.m */,
			);
			path = Models;
			sourceTree = "<group>";
		};
		E447A63F20BDD2FA008D9E33 /* Model Controllers */ = {
			isa = PBXGroup;
			children = (
				E447A65120BDE0BC008D9E33 /* BSTPhotoCache.h */,
				E447A65220BDE0EB008D9E33 /* BSTPhotoCache.m */,
			);
			path = "Model Controllers";
			sourceTree = "<group>";
		};
		E447A64120BDD310008D9E33 /* Views */ = {
			isa = PBXGroup;
			children = (
				E447A65420BDE14C008D9E33 /* BSTPhotoCollectionViewCell.h */,
				E447A65520BDE1C8008D9E33 /* BSTPhotoCollectionViewCell.m */,
			);
			path = Views;
			sourceTree = "<group>";
		};
		E447A64220BDD316008D9E33 /* View Controllers */ = {
			isa = PBXGroup;
			children = (
			);
			path = "View Controllers";
			sourceTree = "<group>";
		};
		E447A64320BDD31D008D9E33 /* Networking */ = {
			isa = PBXGroup;
			children = (
				E447A65720BDE2C8008D9E33 /* BSTMarsRoverClient.h */,
				E447A65820BDE2F6008D9E33 /* BSTMarsRoverClient.m */,
			);
			path = Networking;
			sourceTree = "<group>";
		};
		E447A64420BDD324008D9E33 /* Support Files */ = {
			isa = PBXGroup;
			children = (
				E447A65020BDDE80008D9E33 /* MarsRover-Bridging-Header.h */,
				E447A63720BDD28A008D9E33 /* main.m */,
			);
			path = "Support Files";
			sourceTree = "<group>";
		};
		E447A64520BDD353008D9E33 /* Resources */ = {
			isa = PBXGroup;
			children = (
				E447A63120BDD28A008D9E33 /* Assets.xcassets */,
				E447A63620BDD28A008D9E33 /* Info.plist */,
			);
			path = Resources;
			sourceTree = "<group>";
		};
		E447A64620BDD38C008D9E33 /* UI */ = {
			isa = PBXGroup;
			children = (
				E4026DAF20BDF41E0043475F /* LaunchScreen.storyboard */,
				E4026DAD20BDF40B0043475F /* Main.storyboard */,
			);
			path = UI;
			sourceTree = "<group>";
		};
/* End PBXGroup section */

/* Begin PBXNativeTarget section */
		E447A62420BDD288008D9E33 /* MarsRover */ = {
			isa = PBXNativeTarget;
			buildConfigurationList = E447A63B20BDD28A008D9E33 /* Build configuration list for PBXNativeTarget "MarsRover" */;
			buildPhases = (
				E447A62120BDD288008D9E33 /* Sources */,
				E447A62220BDD288008D9E33 /* Frameworks */,
				E447A62320BDD288008D9E33 /* Resources */,
			);
			buildRules = (
			);
			dependencies = (
			);
			name = MarsRover;
			productName = MarsRover;
			productReference = E447A62520BDD288008D9E33 /* MarsRover.app */;
			productType = "com.apple.product-type.application";
		};
/* End PBXNativeTarget section */

/* Begin PBXProject section */
		E447A61D20BDD288008D9E33 /* Project object */ = {
			isa = PBXProject;
			attributes = {
				LastUpgradeCheck = 0930;
				ORGANIZATIONNAME = "Brock Tyler";
				TargetAttributes = {
					E447A62420BDD288008D9E33 = {
						CreatedOnToolsVersion = 9.3.1;
					};
				};
			};
			buildConfigurationList = E447A62020BDD288008D9E33 /* Build configuration list for PBXProject "MarsRover" */;
			compatibilityVersion = "Xcode 9.3";
			developmentRegion = en;
			hasScannedForEncodings = 0;
			knownRegions = (
				en,
				Base,
			);
			mainGroup = E447A61C20BDD288008D9E33;
			productRefGroup = E447A62620BDD288008D9E33 /* Products */;
			projectDirPath = "";
			projectRoot = "";
			targets = (
				E447A62420BDD288008D9E33 /* MarsRover */,
			);
		};
/* End PBXProject section */

/* Begin PBXResourcesBuildPhase section */
		E447A62320BDD288008D9E33 /* Resources */ = {
			isa = PBXResourcesBuildPhase;
			buildActionMask = 2147483647;
			files = (
				E4026DB020BDF41E0043475F /* LaunchScreen.storyboard in Resources */,
				E447A63220BDD28A008D9E33 /* Assets.xcassets in Resources */,
				E4026DAE20BDF40B0043475F /* Main.storyboard in Resources */,
			);
			runOnlyForDeploymentPostprocessing = 0;
		};
/* End PBXResourcesBuildPhase section */

/* Begin PBXSourcesBuildPhase section */
		E447A62120BDD288008D9E33 /* Sources */ = {
			isa = PBXSourcesBuildPhase;
			buildActionMask = 2147483647;
			files = (
				E447A65920BDE2F6008D9E33 /* BSTMarsRoverClient.m in Sources */,
				E447A63820BDD28A008D9E33 /* main.m in Sources */,
				E447A65320BDE0EB008D9E33 /* BSTPhotoCache.m in Sources */,
				E447A64F20BDDDBF008D9E33 /* BSTSolDescription.m in Sources */,
				E447A62A20BDD289008D9E33 /* BSTMarsRoverDelegate.m in Sources */,
				E447A64920BDD5C3008D9E33 /* BSTMarsRover.m in Sources */,
				E447A64C20BDD8E0008D9E33 /* BSTMarsPhoto.m in Sources */,
				E447A65620BDE1C8008D9E33 /* BSTPhotoCollectionViewCell.m in Sources */,
			);
			runOnlyForDeploymentPostprocessing = 0;
		};
/* End PBXSourcesBuildPhase section */

/* Begin XCBuildConfiguration section */
		E447A63920BDD28A008D9E33 /* Debug */ = {
			isa = XCBuildConfiguration;
			buildSettings = {
				ALWAYS_SEARCH_USER_PATHS = NO;
				CLANG_ANALYZER_NONNULL = YES;
				CLANG_ANALYZER_NUMBER_OBJECT_CONVERSION = YES_AGGRESSIVE;
				CLANG_CXX_LANGUAGE_STANDARD = "gnu++14";
				CLANG_CXX_LIBRARY = "libc++";
				CLANG_ENABLE_MODULES = YES;
				CLANG_ENABLE_OBJC_ARC = YES;
				CLANG_ENABLE_OBJC_WEAK = YES;
				CLANG_WARN_BLOCK_CAPTURE_AUTORELEASING = YES;
				CLANG_WARN_BOOL_CONVERSION = YES;
				CLANG_WARN_COMMA = YES;
				CLANG_WARN_CONSTANT_CONVERSION = YES;
				CLANG_WARN_DEPRECATED_OBJC_IMPLEMENTATIONS = YES;
				CLANG_WARN_DIRECT_OBJC_ISA_USAGE = YES_ERROR;
				CLANG_WARN_DOCUMENTATION_COMMENTS = YES;
				CLANG_WARN_EMPTY_BODY = YES;
				CLANG_WARN_ENUM_CONVERSION = YES;
				CLANG_WARN_INFINITE_RECURSION = YES;
				CLANG_WARN_INT_CONVERSION = YES;
				CLANG_WARN_NON_LITERAL_NULL_CONVERSION = YES;
				CLANG_WARN_OBJC_IMPLICIT_RETAIN_SELF = YES;
				CLANG_WARN_OBJC_LITERAL_CONVERSION = YES;
				CLANG_WARN_OBJC_ROOT_CLASS = YES_ERROR;
				CLANG_WARN_RANGE_LOOP_ANALYSIS = YES;
				CLANG_WARN_STRICT_PROTOTYPES = YES;
				CLANG_WARN_SUSPICIOUS_MOVE = YES;
				CLANG_WARN_UNGUARDED_AVAILABILITY = YES_AGGRESSIVE;
				CLANG_WARN_UNREACHABLE_CODE = YES;
				CLANG_WARN__DUPLICATE_METHOD_MATCH = YES;
				CODE_SIGN_IDENTITY = "iPhone Developer";
				COPY_PHASE_STRIP = NO;
				DEBUG_INFORMATION_FORMAT = dwarf;
				ENABLE_STRICT_OBJC_MSGSEND = YES;
				ENABLE_TESTABILITY = YES;
				GCC_C_LANGUAGE_STANDARD = gnu11;
				GCC_DYNAMIC_NO_PIC = NO;
				GCC_NO_COMMON_BLOCKS = YES;
				GCC_OPTIMIZATION_LEVEL = 0;
				GCC_PREPROCESSOR_DEFINITIONS = (
					"DEBUG=1",
					"$(inherited)",
				);
				GCC_WARN_64_TO_32_BIT_CONVERSION = YES;
				GCC_WARN_ABOUT_RETURN_TYPE = YES_ERROR;
				GCC_WARN_UNDECLARED_SELECTOR = YES;
				GCC_WARN_UNINITIALIZED_AUTOS = YES_AGGRESSIVE;
				GCC_WARN_UNUSED_FUNCTION = YES;
				GCC_WARN_UNUSED_VARIABLE = YES;
				IPHONEOS_DEPLOYMENT_TARGET = 11.3;
				MTL_ENABLE_DEBUG_INFO = YES;
				ONLY_ACTIVE_ARCH = YES;
				SDKROOT = iphoneos;
			};
			name = Debug;
		};
		E447A63A20BDD28A008D9E33 /* Release */ = {
			isa = XCBuildConfiguration;
			buildSettings = {
				ALWAYS_SEARCH_USER_PATHS = NO;
				CLANG_ANALYZER_NONNULL = YES;
				CLANG_ANALYZER_NUMBER_OBJECT_CONVERSION = YES_AGGRESSIVE;
				CLANG_CXX_LANGUAGE_STANDARD = "gnu++14";
				CLANG_CXX_LIBRARY = "libc++";
				CLANG_ENABLE_MODULES = YES;
				CLANG_ENABLE_OBJC_ARC = YES;
				CLANG_ENABLE_OBJC_WEAK = YES;
				CLANG_WARN_BLOCK_CAPTURE_AUTORELEASING = YES;
				CLANG_WARN_BOOL_CONVERSION = YES;
				CLANG_WARN_COMMA = YES;
				CLANG_WARN_CONSTANT_CONVERSION = YES;
				CLANG_WARN_DEPRECATED_OBJC_IMPLEMENTATIONS = YES;
				CLANG_WARN_DIRECT_OBJC_ISA_USAGE = YES_ERROR;
				CLANG_WARN_DOCUMENTATION_COMMENTS = YES;
				CLANG_WARN_EMPTY_BODY = YES;
				CLANG_WARN_ENUM_CONVERSION = YES;
				CLANG_WARN_INFINITE_RECURSION = YES;
				CLANG_WARN_INT_CONVERSION = YES;
				CLANG_WARN_NON_LITERAL_NULL_CONVERSION = YES;
				CLANG_WARN_OBJC_IMPLICIT_RETAIN_SELF = YES;
				CLANG_WARN_OBJC_LITERAL_CONVERSION = YES;
				CLANG_WARN_OBJC_ROOT_CLASS = YES_ERROR;
				CLANG_WARN_RANGE_LOOP_ANALYSIS = YES;
				CLANG_WARN_STRICT_PROTOTYPES = YES;
				CLANG_WARN_SUSPICIOUS_MOVE = YES;
				CLANG_WARN_UNGUARDED_AVAILABILITY = YES_AGGRESSIVE;
				CLANG_WARN_UNREACHABLE_CODE = YES;
				CLANG_WARN__DUPLICATE_METHOD_MATCH = YES;
				CODE_SIGN_IDENTITY = "iPhone Developer";
				COPY_PHASE_STRIP = NO;
				DEBUG_INFORMATION_FORMAT = "dwarf-with-dsym";
				ENABLE_NS_ASSERTIONS = NO;
				ENABLE_STRICT_OBJC_MSGSEND = YES;
				GCC_C_LANGUAGE_STANDARD = gnu11;
				GCC_NO_COMMON_BLOCKS = YES;
				GCC_WARN_64_TO_32_BIT_CONVERSION = YES;
				GCC_WARN_ABOUT_RETURN_TYPE = YES_ERROR;
				GCC_WARN_UNDECLARED_SELECTOR = YES;
				GCC_WARN_UNINITIALIZED_AUTOS = YES_AGGRESSIVE;
				GCC_WARN_UNUSED_FUNCTION = YES;
				GCC_WARN_UNUSED_VARIABLE = YES;
				IPHONEOS_DEPLOYMENT_TARGET = 11.3;
				MTL_ENABLE_DEBUG_INFO = NO;
				SDKROOT = iphoneos;
				VALIDATE_PRODUCT = YES;
			};
			name = Release;
		};
		E447A63C20BDD28A008D9E33 /* Debug */ = {
			isa = XCBuildConfiguration;
			buildSettings = {
				ASSETCATALOG_COMPILER_APPICON_NAME = AppIcon;
				CODE_SIGN_STYLE = Automatic;
				DEVELOPMENT_TEAM = CJKY4ZP9T7;
				INFOPLIST_FILE = "$(SRCROOT)/MarsRover/Resources/Info.plist";
				LD_RUNPATH_SEARCH_PATHS = (
					"$(inherited)",
					"@executable_path/Frameworks",
				);
				PRODUCT_BUNDLE_IDENTIFIER = com.brocktyler.MarsRover;
				PRODUCT_NAME = "$(TARGET_NAME)";
				TARGETED_DEVICE_FAMILY = "1,2";
			};
			name = Debug;
		};
		E447A63D20BDD28A008D9E33 /* Release */ = {
			isa = XCBuildConfiguration;
			buildSettings = {
				ASSETCATALOG_COMPILER_APPICON_NAME = AppIcon;
				CODE_SIGN_STYLE = Automatic;
				DEVELOPMENT_TEAM = CJKY4ZP9T7;
				INFOPLIST_FILE = "$(SRCROOT)/MarsRover/Resources/Info.plist";
				LD_RUNPATH_SEARCH_PATHS = (
					"$(inherited)",
					"@executable_path/Frameworks",
				);
				PRODUCT_BUNDLE_IDENTIFIER = com.brocktyler.MarsRover;
				PRODUCT_NAME = "$(TARGET_NAME)";
				TARGETED_DEVICE_FAMILY = "1,2";
			};
			name = Release;
		};
/* End XCBuildConfiguration section */

/* Begin XCConfigurationList section */
		E447A62020BDD288008D9E33 /* Build configuration list for PBXProject "MarsRover" */ = {
			isa = XCConfigurationList;
			buildConfigurations = (
				E447A63920BDD28A008D9E33 /* Debug */,
				E447A63A20BDD28A008D9E33 /* Release */,
			);
			defaultConfigurationIsVisible = 0;
			defaultConfigurationName = Release;
		};
		E447A63B20BDD28A008D9E33 /* Build configuration list for PBXNativeTarget "MarsRover" */ = {
			isa = XCConfigurationList;
			buildConfigurations = (
				E447A63C20BDD28A008D9E33 /* Debug */,
				E447A63D20BDD28A008D9E33 /* Release */,
			);
			defaultConfigurationIsVisible = 0;
			defaultConfigurationName = Release;
		};
/* End XCConfigurationList section */
	};
	rootObject = E447A61D20BDD288008D9E33 /* Project object */;
}
